
Microsoft Visual Studio Solution File, Format Version 12.00
# Visual Studio 15
Project("{FAE04EC0-301F-11D3-BF4B-00C04F79EFBC}") = "TrackerLibrary", "TrackerLibrary\TrackerLibrary.csproj", "{9E9993A6-5720-4858-983B-D3B53366FB6E}"
EndProject
Global
	GlobalSection(SolutionConfigurationPlatforms) = preSolution
		Debug|Any CPU = Debug|Any CPU
		Release|Any CPU = Release|Any CPU
	EndGlobalSection
	GlobalSection(ProjectConfigurationPlatforms) = postSolution
		{9E9993A6-5720-4858-983B-D3B53366FB6E}.Debug|Any CPU.ActiveCfg = Debug|Any CPU
		{9E9993A6-5720-4858-983B-D3B53366FB6E}.Debug|Any CPU.Build.0 = Debug|Any CPU
		{9E9993A6-5720-4858-983B-D3B53366FB6E}.Release|Any CPU.ActiveCfg = Release|Any CPU
		{9E9993A6-5720-4858-983B-D3B53366FB6E}.Release|Any CPU.Build.0 = Release|Any CPU
	EndGlobalSection
EndGlobal
